
Microsoft Visual Studio Solution File, Format Version 12.00
# Visual Studio Version 17
VisualStudioVersion = 17.6.33829.357
MinimumVisualStudioVersion = 10.0.40219.1
Project("{FAE04EC0-301F-11D3-BF4B-00C04F79EFBC}") = "AppConfigUsingOOPS", "AppConfigUsingOOPS.csproj", "{449134CC-C434-485D-857E-51E68DECA278}"
EndProject
Global
	GlobalSection(SolutionConfigurationPlatforms) = preSolution
		Debug|Any CPU = Debug|Any CPU
		Release|Any CPU = Release|Any CPU
	EndGlobalSection
	GlobalSection(ProjectConfigurationPlatforms) = postSolution
		{449134CC-C434-485D-857E-51E68DECA278}.Debug|Any CPU.ActiveCfg = Debug|Any CPU
		{449134CC-C434-485D-857E-51E68DECA278}.Debug|Any CPU.Build.0 = Debug|Any CPU
		{449134CC-C434-485D-857E-51E68DECA278}.Release|Any CPU.ActiveCfg = Release|Any CPU
		{449134CC-C434-485D-857E-51E68DECA278}.Release|Any CPU.Build.0 = Release|Any CPU
	EndGlobalSection
	GlobalSection(SolutionProperties) = preSolution
		HideSolutionNode = FALSE
	EndGlobalSection
	GlobalSection(ExtensibilityGlobals) = postSolution
		SolutionGuid = {1741E3DE-61C1-49F7-8469-6E1898888A64}
	EndGlobalSection
EndGlobal
