
Microsoft Visual Studio Solution File, Format Version 12.00
# Visual Studio Version 17
VisualStudioVersion = 17.6.33829.357
MinimumVisualStudioVersion = 10.0.40219.1
Project("{FAE04EC0-301F-11D3-BF4B-00C04F79EFBC}") = "UserName", "UserName.csproj", "{B78B0AFA-A231-43E3-B918-991AAA207B0B}"
EndProject
Global
	GlobalSection(SolutionConfigurationPlatforms) = preSolution
		Debug|Any CPU = Debug|Any CPU
		Release|Any CPU = Release|Any CPU
	EndGlobalSection
	GlobalSection(ProjectConfigurationPlatforms) = postSolution
		{B78B0AFA-A231-43E3-B918-991AAA207B0B}.Debug|Any CPU.ActiveCfg = Debug|Any CPU
		{B78B0AFA-A231-43E3-B918-991AAA207B0B}.Debug|Any CPU.Build.0 = Debug|Any CPU
		{B78B0AFA-A231-43E3-B918-991AAA207B0B}.Release|Any CPU.ActiveCfg = Release|Any CPU
		{B78B0AFA-A231-43E3-B918-991AAA207B0B}.Release|Any CPU.Build.0 = Release|Any CPU
	EndGlobalSection
	GlobalSection(SolutionProperties) = preSolution
		HideSolutionNode = FALSE
	EndGlobalSection
	GlobalSection(ExtensibilityGlobals) = postSolution
		SolutionGuid = {1031D040-1407-454B-B2AC-787B3BABD98D}
	EndGlobalSection
EndGlobal
